
Microsoft Visual Studio Solution File, Format Version 12.00
# Visual Studio Version 16
VisualStudioVersion = 16.0.30503.244
MinimumVisualStudioVersion = 10.0.40219.1
Project("{FAE04EC0-301F-11D3-BF4B-00C04F79EFBC}") = "ContractLibraryDac", "..\ContractLibraryDac\ContractLibraryDac.csproj", "{9EB6EBC4-E5BF-45C9-BA0E-781EC7909180}"
EndProject
Project("{FAE04EC0-301F-11D3-BF4B-00C04F79EFBC}") = "DacApp", "..\DacApp\DacApp.csproj", "{8E231575-793B-406B-89E4-BE1E7179EBD2}"
EndProject
Project("{FAE04EC0-301F-11D3-BF4B-00C04F79EFBC}") = "ServiceLibraryDac", "..\ServiceLibraryDac\ServiceLibraryDac.csproj", "{73300B4F-A3CE-494D-B2D6-15248C8C7524}"
EndProject
Project("{FAE04EC0-301F-11D3-BF4B-00C04F79EFBC}") = "ConsoleAppDacClient", "..\ConsoleAppDacClient\ConsoleAppDacClient.csproj", "{0790607B-696C-4C62-9196-9DC602E7B1FE}"
EndProject
Global
	GlobalSection(SolutionConfigurationPlatforms) = preSolution
		Debug|Any CPU = Debug|Any CPU
		Release|Any CPU = Release|Any CPU
	EndGlobalSection
	GlobalSection(ProjectConfigurationPlatforms) = postSolution
		{9EB6EBC4-E5BF-45C9-BA0E-781EC7909180}.Debug|Any CPU.ActiveCfg = Debug|Any CPU
		{9EB6EBC4-E5BF-45C9-BA0E-781EC7909180}.Debug|Any CPU.Build.0 = Debug|Any CPU
		{9EB6EBC4-E5BF-45C9-BA0E-781EC7909180}.Release|Any CPU.ActiveCfg = Release|Any CPU
		{9EB6EBC4-E5BF-45C9-BA0E-781EC7909180}.Release|Any CPU.Build.0 = Release|Any CPU
		{8E231575-793B-406B-89E4-BE1E7179EBD2}.Debug|Any CPU.ActiveCfg = Debug|Any CPU
		{8E231575-793B-406B-89E4-BE1E7179EBD2}.Debug|Any CPU.Build.0 = Debug|Any CPU
		{8E231575-793B-406B-89E4-BE1E7179EBD2}.Release|Any CPU.ActiveCfg = Release|Any CPU
		{8E231575-793B-406B-89E4-BE1E7179EBD2}.Release|Any CPU.Build.0 = Release|Any CPU
		{73300B4F-A3CE-494D-B2D6-15248C8C7524}.Debug|Any CPU.ActiveCfg = Debug|Any CPU
		{73300B4F-A3CE-494D-B2D6-15248C8C7524}.Debug|Any CPU.Build.0 = Debug|Any CPU
		{73300B4F-A3CE-494D-B2D6-15248C8C7524}.Release|Any CPU.ActiveCfg = Release|Any CPU
		{73300B4F-A3CE-494D-B2D6-15248C8C7524}.Release|Any CPU.Build.0 = Release|Any CPU
		{0790607B-696C-4C62-9196-9DC602E7B1FE}.Debug|Any CPU.ActiveCfg = Debug|Any CPU
		{0790607B-696C-4C62-9196-9DC602E7B1FE}.Debug|Any CPU.Build.0 = Debug|Any CPU
		{0790607B-696C-4C62-9196-9DC602E7B1FE}.Release|Any CPU.ActiveCfg = Release|Any CPU
		{0790607B-696C-4C62-9196-9DC602E7B1FE}.Release|Any CPU.Build.0 = Release|Any CPU
	EndGlobalSection
	GlobalSection(SolutionProperties) = preSolution
		HideSolutionNode = FALSE
	EndGlobalSection
	GlobalSection(ExtensibilityGlobals) = postSolution
		SolutionGuid = {62586AAA-6A1F-447A-BF15-3771925154D4}
	EndGlobalSection
EndGlobal
